
Microsoft Visual Studio Solution File, Format Version 12.00
# Visual Studio 15
VisualStudioVersion = 15.0.27130.2010
MinimumVisualStudioVersion = 10.0.40219.1
Project("{FAE04EC0-301F-11D3-BF4B-00C04F79EFBC}") = "MovieApp.Android", "MovieApp\MovieApp.Android\MovieApp.Android.csproj", "{C7F4EFE3-28A8-40A4-B8B2-E5EFB60D69B0}"
EndProject
Project("{FAE04EC0-301F-11D3-BF4B-00C04F79EFBC}") = "MovieApp.iOS", "MovieApp\MovieApp.iOS\MovieApp.iOS.csproj", "{2AED4120-3AC7-4D6A-B048-054DE5410EB6}"
EndProject
Project("{FAE04EC0-301F-11D3-BF4B-00C04F79EFBC}") = "MovieApp.UWP", "MovieApp\MovieApp.UWP\MovieApp.UWP.csproj", "{7EE1FBCE-79CC-40E4-A121-03AB144E8631}"
EndProject
Project("{D954291E-2A0B-460D-934E-DC6B0785DB48}") = "MovieApp", "MovieApp\MovieApp\MovieApp.shproj", "{DC420C69-BC0F-4C70-BD21-580F9115079F}"
EndProject
Global
	GlobalSection(SharedMSBuildProjectFiles) = preSolution
		MovieApp\MovieApp\MovieApp.projitems*{2aed4120-3ac7-4d6a-b048-054de5410eb6}*SharedItemsImports = 4
		MovieApp\MovieApp\MovieApp.projitems*{7ee1fbce-79cc-40e4-a121-03ab144e8631}*SharedItemsImports = 4
		MovieApp\MovieApp\MovieApp.projitems*{c7f4efe3-28a8-40a4-b8b2-e5efb60d69b0}*SharedItemsImports = 4
		MovieApp\MovieApp\MovieApp.projitems*{dc420c69-bc0f-4c70-bd21-580f9115079f}*SharedItemsImports = 13
	EndGlobalSection
	GlobalSection(SolutionConfigurationPlatforms) = preSolution
		Ad-Hoc|Any CPU = Ad-Hoc|Any CPU
		Ad-Hoc|ARM = Ad-Hoc|ARM
		Ad-Hoc|iPhone = Ad-Hoc|iPhone
		Ad-Hoc|iPhoneSimulator = Ad-Hoc|iPhoneSimulator
		Ad-Hoc|x64 = Ad-Hoc|x64
		Ad-Hoc|x86 = Ad-Hoc|x86
		AppStore|Any CPU = AppStore|Any CPU
		AppStore|ARM = AppStore|ARM
		AppStore|iPhone = AppStore|iPhone
		AppStore|iPhoneSimulator = AppStore|iPhoneSimulator
		AppStore|x64 = AppStore|x64
		AppStore|x86 = AppStore|x86
		Debug|Any CPU = Debug|Any CPU
		Debug|ARM = Debug|ARM
		Debug|iPhone = Debug|iPhone
		Debug|iPhoneSimulator = Debug|iPhoneSimulator
		Debug|x64 = Debug|x64
		Debug|x86 = Debug|x86
		Release|Any CPU = Release|Any CPU
		Release|ARM = Release|ARM
		Release|iPhone = Release|iPhone
		Release|iPhoneSimulator = Release|iPhoneSimulator
		Release|x64 = Release|x64
		Release|x86 = Release|x86
	EndGlobalSection
	GlobalSection(ProjectConfigurationPlatforms) = postSolution
		{C7F4EFE3-28A8-40A4-B8B2-E5EFB60D69B0}.Ad-Hoc|Any CPU.ActiveCfg = Release|Any CPU
		{C7F4EFE3-28A8-40A4-B8B2-E5EFB60D69B0}.Ad-Hoc|Any CPU.Build.0 = Release|Any CPU
		{C7F4EFE3-28A8-40A4-B8B2-E5EFB60D69B0}.Ad-Hoc|Any CPU.Deploy.0 = Release|Any CPU
		{C7F4EFE3-28A8-40A4-B8B2-E5EFB60D69B0}.Ad-Hoc|ARM.ActiveCfg = Release|Any CPU
		{C7F4EFE3-28A8-40A4-B8B2-E5EFB60D69B0}.Ad-Hoc|ARM.Build.0 = Release|Any CPU
		{C7F4EFE3-28A8-40A4-B8B2-E5EFB60D69B0}.Ad-Hoc|ARM.Deploy.0 = Release|Any CPU
		{C7F4EFE3-28A8-40A4-B8B2-E5EFB60D69B0}.Ad-Hoc|iPhone.ActiveCfg = Release|Any CPU
		{C7F4EFE3-28A8-40A4-B8B2-E5EFB60D69B0}.Ad-Hoc|iPhone.Build.0 = Release|Any CPU
		{C7F4EFE3-28A8-40A4-B8B2-E5EFB60D69B0}.Ad-Hoc|iPhone.Deploy.0 = Release|Any CPU
		{C7F4EFE3-28A8-40A4-B8B2-E5EFB60D69B0}.Ad-Hoc|iPhoneSimulator.ActiveCfg = Release|Any CPU
		{C7F4EFE3-28A8-40A4-B8B2-E5EFB60D69B0}.Ad-Hoc|iPhoneSimulator.Build.0 = Release|Any CPU
		{C7F4EFE3-28A8-40A4-B8B2-E5EFB60D69B0}.Ad-Hoc|iPhoneSimulator.Deploy.0 = Release|Any CPU
		{C7F4EFE3-28A8-40A4-B8B2-E5EFB60D69B0}.Ad-Hoc|x64.ActiveCfg = Release|Any CPU
		{C7F4EFE3-28A8-40A4-B8B2-E5EFB60D69B0}.Ad-Hoc|x64.Build.0 = Release|Any CPU
		{C7F4EFE3-28A8-40A4-B8B2-E5EFB60D69B0}.Ad-Hoc|x64.Deploy.0 = Release|Any CPU
		{C7F4EFE3-28A8-40A4-B8B2-E5EFB60D69B0}.Ad-Hoc|x86.ActiveCfg = Release|Any CPU
		{C7F4EFE3-28A8-40A4-B8B2-E5EFB60D69B0}.Ad-Hoc|x86.Build.0 = Release|Any CPU
		{C7F4EFE3-28A8-40A4-B8B2-E5EFB60D69B0}.Ad-Hoc|x86.Deploy.0 = Release|Any CPU
		{C7F4EFE3-28A8-40A4-B8B2-E5EFB60D69B0}.AppStore|Any CPU.ActiveCfg = Release|Any CPU
		{C7F4EFE3-28A8-40A4-B8B2-E5EFB60D69B0}.AppStore|Any CPU.Build.0 = Release|Any CPU
		{C7F4EFE3-28A8-40A4-B8B2-E5EFB60D69B0}.AppStore|Any CPU.Deploy.0 = Release|Any CPU
		{C7F4EFE3-28A8-40A4-B8B2-E5EFB60D69B0}.AppStore|ARM.ActiveCfg = Release|Any CPU
		{C7F4EFE3-28A8-40A4-B8B2-E5EFB60D69B0}.AppStore|ARM.Build.0 = Release|Any CPU
		{C7F4EFE3-28A8-40A4-B8B2-E5EFB60D69B0}.AppStore|ARM.Deploy.0 = Release|Any CPU
		{C7F4EFE3-28A8-40A4-B8B2-E5EFB60D69B0}.AppStore|iPhone.ActiveCfg = Release|Any CPU
		{C7F4EFE3-28A8-40A4-B8B2-E5EFB60D69B0}.AppStore|iPhone.Build.0 = Release|Any CPU
		{C7F4EFE3-28A8-40A4-B8B2-E5EFB60D69B0}.AppStore|iPhone.Deploy.0 = Release|Any CPU
		{C7F4EFE3-28A8-40A4-B8B2-E5EFB60D69B0}.AppStore|iPhoneSimulator.ActiveCfg = Release|Any CPU
		{C7F4EFE3-28A8-40A4-B8B2-E5EFB60D69B0}.AppStore|iPhoneSimulator.Build.0 = Release|Any CPU
		{C7F4EFE3-28A8-40A4-B8B2-E5EFB60D69B0}.AppStore|iPhoneSimulator.Deploy.0 = Release|Any CPU
		{C7F4EFE3-28A8-40A4-B8B2-E5EFB60D69B0}.AppStore|x64.ActiveCfg = Release|Any CPU
		{C7F4EFE3-28A8-40A4-B8B2-E5EFB60D69B0}.AppStore|x64.Build.0 = Release|Any CPU
		{C7F4EFE3-28A8-40A4-B8B2-E5EFB60D69B0}.AppStore|x64.Deploy.0 = Release|Any CPU
		{C7F4EFE3-28A8-40A4-B8B2-E5EFB60D69B0}.AppStore|x86.ActiveCfg = Release|Any CPU
		{C7F4EFE3-28A8-40A4-B8B2-E5EFB60D69B0}.AppStore|x86.Build.0 = Release|Any CPU
		{C7F4EFE3-28A8-40A4-B8B2-E5EFB60D69B0}.AppStore|x86.Deploy.0 = Release|Any CPU
		{C7F4EFE3-28A8-40A4-B8B2-E5EFB60D69B0}.Debug|Any CPU.ActiveCfg = Debug|Any CPU
		{C7F4EFE3-28A8-40A4-B8B2-E5EFB60D69B0}.Debug|Any CPU.Build.0 = Debug|Any CPU
		{C7F4EFE3-28A8-40A4-B8B2-E5EFB60D69B0}.Debug|Any CPU.Deploy.0 = Debug|Any CPU
		{C7F4EFE3-28A8-40A4-B8B2-E5EFB60D69B0}.Debug|ARM.ActiveCfg = Debug|Any CPU
		{C7F4EFE3-28A8-40A4-B8B2-E5EFB60D69B0}.Debug|ARM.Build.0 = Debug|Any CPU
		{C7F4EFE3-28A8-40A4-B8B2-E5EFB60D69B0}.Debug|ARM.Deploy.0 = Debug|Any CPU
		{C7F4EFE3-28A8-40A4-B8B2-E5EFB60D69B0}.Debug|iPhone.ActiveCfg = Debug|Any CPU
		{C7F4EFE3-28A8-40A4-B8B2-E5EFB60D69B0}.Debug|iPhone.Build.0 = Debug|Any CPU
		{C7F4EFE3-28A8-40A4-B8B2-E5EFB60D69B0}.Debug|iPhone.Deploy.0 = Debug|Any CPU
		{C7F4EFE3-28A8-40A4-B8B2-E5EFB60D69B0}.Debug|iPhoneSimulator.ActiveCfg = Debug|Any CPU
		{C7F4EFE3-28A8-40A4-B8B2-E5EFB60D69B0}.Debug|iPhoneSimulator.Build.0 = Debug|Any CPU
		{C7F4EFE3-28A8-40A4-B8B2-E5EFB60D69B0}.Debug|iPhoneSimulator.Deploy.0 = Debug|Any CPU
		{C7F4EFE3-28A8-40A4-B8B2-E5EFB60D69B0}.Debug|x64.ActiveCfg = Debug|Any CPU
		{C7F4EFE3-28A8-40A4-B8B2-E5EFB60D69B0}.Debug|x64.Build.0 = Debug|Any CPU
		{C7F4EFE3-28A8-40A4-B8B2-E5EFB60D69B0}.Debug|x64.Deploy.0 = Debug|Any CPU
		{C7F4EFE3-28A8-40A4-B8B2-E5EFB60D69B0}.Debug|x86.ActiveCfg = Debug|Any CPU
		{C7F4EFE3-28A8-40A4-B8B2-E5EFB60D69B0}.Debug|x86.Build.0 = Debug|Any CPU
		{C7F4EFE3-28A8-40A4-B8B2-E5EFB60D69B0}.Debug|x86.Deploy.0 = Debug|Any CPU
		{C7F4EFE3-28A8-40A4-B8B2-E5EFB60D69B0}.Release|Any CPU.ActiveCfg = Release|Any CPU
		{C7F4EFE3-28A8-40A4-B8B2-E5EFB60D69B0}.Release|Any CPU.Build.0 = Release|Any CPU
		{C7F4EFE3-28A8-40A4-B8B2-E5EFB60D69B0}.Release|Any CPU.Deploy.0 = Release|Any CPU
		{C7F4EFE3-28A8-40A4-B8B2-E5EFB60D69B0}.Release|ARM.ActiveCfg = Release|Any CPU
		{C7F4EFE3-28A8-40A4-B8B2-E5EFB60D69B0}.Release|ARM.Build.0 = Release|Any CPU
		{C7F4EFE3-28A8-40A4-B8B2-E5EFB60D69B0}.Release|ARM.Deploy.0 = Release|Any CPU
		{C7F4EFE3-28A8-40A4-B8B2-E5EFB60D69B0}.Release|iPhone.ActiveCfg = Release|Any CPU
		{C7F4EFE3-28A8-40A4-B8B2-E5EFB60D69B0}.Release|iPhone.Build.0 = Release|Any CPU
		{C7F4EFE3-28A8-40A4-B8B2-E5EFB60D69B0}.Release|iPhone.Deploy.0 = Release|Any CPU
		{C7F4EFE3-28A8-40A4-B8B2-E5EFB60D69B0}.Release|iPhoneSimulator.ActiveCfg = Release|Any CPU
		{C7F4EFE3-28A8-40A4-B8B2-E5EFB60D69B0}.Release|iPhoneSimulator.Build.0 = Release|Any CPU
		{C7F4EFE3-28A8-40A4-B8B2-E5EFB60D69B0}.Release|iPhoneSimulator.Deploy.0 = Release|Any CPU
		{C7F4EFE3-28A8-40A4-B8B2-E5EFB60D69B0}.Release|x64.ActiveCfg = Release|Any CPU
		{C7F4EFE3-28A8-40A4-B8B2-E5EFB60D69B0}.Release|x64.Build.0 = Release|Any CPU
		{C7F4EFE3-28A8-40A4-B8B2-E5EFB60D69B0}.Release|x64.Deploy.0 = Release|Any CPU
		{C7F4EFE3-28A8-40A4-B8B2-E5EFB60D69B0}.Release|x86.ActiveCfg = Release|Any CPU
		{C7F4EFE3-28A8-40A4-B8B2-E5EFB60D69B0}.Release|x86.Build.0 = Release|Any CPU
		{C7F4EFE3-28A8-40A4-B8B2-E5EFB60D69B0}.Release|x86.Deploy.0 = Release|Any CPU
		{2AED4120-3AC7-4D6A-B048-054DE5410EB6}.Ad-Hoc|Any CPU.ActiveCfg = Ad-Hoc|iPhone
		{2AED4120-3AC7-4D6A-B048-054DE5410EB6}.Ad-Hoc|ARM.ActiveCfg = Ad-Hoc|iPhone
		{2AED4120-3AC7-4D6A-B048-054DE5410EB6}.Ad-Hoc|iPhone.ActiveCfg = Ad-Hoc|iPhone
		{2AED4120-3AC7-4D6A-B048-054DE5410EB6}.Ad-Hoc|iPhone.Build.0 = Ad-Hoc|iPhone
		{2AED4120-3AC7-4D6A-B048-054DE5410EB6}.Ad-Hoc|iPhoneSimulator.ActiveCfg = Ad-Hoc|iPhoneSimulator
		{2AED4120-3AC7-4D6A-B048-054DE5410EB6}.Ad-Hoc|iPhoneSimulator.Build.0 = Ad-Hoc|iPhoneSimulator
		{2AED4120-3AC7-4D6A-B048-054DE5410EB6}.Ad-Hoc|x64.ActiveCfg = Ad-Hoc|iPhone
		{2AED4120-3AC7-4D6A-B048-054DE5410EB6}.Ad-Hoc|x86.ActiveCfg = Ad-Hoc|iPhone
		{2AED4120-3AC7-4D6A-B048-054DE5410EB6}.AppStore|Any CPU.ActiveCfg = AppStore|iPhone
		{2AED4120-3AC7-4D6A-B048-054DE5410EB6}.AppStore|ARM.ActiveCfg = AppStore|iPhone
		{2AED4120-3AC7-4D6A-B048-054DE5410EB6}.AppStore|iPhone.ActiveCfg = AppStore|iPhone
		{2AED4120-3AC7-4D6A-B048-054DE5410EB6}.AppStore|iPhone.Build.0 = AppStore|iPhone
		{2AED4120-3AC7-4D6A-B048-054DE5410EB6}.AppStore|iPhoneSimulator.ActiveCfg = AppStore|iPhoneSimulator
		{2AED4120-3AC7-4D6A-B048-054DE5410EB6}.AppStore|iPhoneSimulator.Build.0 = AppStore|iPhoneSimulator
		{2AED4120-3AC7-4D6A-B048-054DE5410EB6}.AppStore|x64.ActiveCfg = AppStore|iPhone
		{2AED4120-3AC7-4D6A-B048-054DE5410EB6}.AppStore|x86.ActiveCfg = AppStore|iPhone
		{2AED4120-3AC7-4D6A-B048-054DE5410EB6}.Debug|Any CPU.ActiveCfg = Debug|iPhone
		{2AED4120-3AC7-4D6A-B048-054DE5410EB6}.Debug|ARM.ActiveCfg = Debug|iPhone
		{2AED4120-3AC7-4D6A-B048-054DE5410EB6}.Debug|iPhone.ActiveCfg = Debug|iPhone
		{2AED4120-3AC7-4D6A-B048-054DE5410EB6}.Debug|iPhone.Build.0 = Debug|iPhone
		{2AED4120-3AC7-4D6A-B048-054DE5410EB6}.Debug|iPhoneSimulator.ActiveCfg = Debug|iPhoneSimulator
		{2AED4120-3AC7-4D6A-B048-054DE5410EB6}.Debug|iPhoneSimulator.Build.0 = Debug|iPhoneSimulator
		{2AED4120-3AC7-4D6A-B048-054DE5410EB6}.Debug|x64.ActiveCfg = Debug|iPhone
		{2AED4120-3AC7-4D6A-B048-054DE5410EB6}.Debug|x86.ActiveCfg = Debug|iPhone
		{2AED4120-3AC7-4D6A-B048-054DE5410EB6}.Release|Any CPU.ActiveCfg = Release|iPhone
		{2AED4120-3AC7-4D6A-B048-054DE5410EB6}.Release|ARM.ActiveCfg = Release|iPhone
		{2AED4120-3AC7-4D6A-B048-054DE5410EB6}.Release|iPhone.ActiveCfg = Release|iPhone
		{2AED4120-3AC7-4D6A-B048-054DE5410EB6}.Release|iPhone.Build.0 = Release|iPhone
		{2AED4120-3AC7-4D6A-B048-054DE5410EB6}.Release|iPhoneSimulator.ActiveCfg = Release|iPhoneSimulator
		{2AED4120-3AC7-4D6A-B048-054DE5410EB6}.Release|iPhoneSimulator.Build.0 = Release|iPhoneSimulator
		{2AED4120-3AC7-4D6A-B048-054DE5410EB6}.Release|x64.ActiveCfg = Release|iPhone
		{2AED4120-3AC7-4D6A-B048-054DE5410EB6}.Release|x86.ActiveCfg = Release|iPhone
		{7EE1FBCE-79CC-40E4-A121-03AB144E8631}.Ad-Hoc|Any CPU.ActiveCfg = Release|x86
		{7EE1FBCE-79CC-40E4-A121-03AB144E8631}.Ad-Hoc|Any CPU.Build.0 = Release|x86
		{7EE1FBCE-79CC-40E4-A121-03AB144E8631}.Ad-Hoc|Any CPU.Deploy.0 = Release|x86
		{7EE1FBCE-79CC-40E4-A121-03AB144E8631}.Ad-Hoc|ARM.ActiveCfg = Release|ARM
		{7EE1FBCE-79CC-40E4-A121-03AB144E8631}.Ad-Hoc|ARM.Build.0 = Release|ARM
		{7EE1FBCE-79CC-40E4-A121-03AB144E8631}.Ad-Hoc|ARM.Deploy.0 = Release|ARM
		{7EE1FBCE-79CC-40E4-A121-03AB144E8631}.Ad-Hoc|iPhone.ActiveCfg = Release|x86
		{7EE1FBCE-79CC-40E4-A121-03AB144E8631}.Ad-Hoc|iPhone.Build.0 = Release|x86
		{7EE1FBCE-79CC-40E4-A121-03AB144E8631}.Ad-Hoc|iPhone.Deploy.0 = Release|x86
		{7EE1FBCE-79CC-40E4-A121-03AB144E8631}.Ad-Hoc|iPhoneSimulator.ActiveCfg = Release|x86
		{7EE1FBCE-79CC-40E4-A121-03AB144E8631}.Ad-Hoc|iPhoneSimulator.Build.0 = Release|x86
		{7EE1FBCE-79CC-40E4-A121-03AB144E8631}.Ad-Hoc|iPhoneSimulator.Deploy.0 = Release|x86
		{7EE1FBCE-79CC-40E4-A121-03AB144E8631}.Ad-Hoc|x64.ActiveCfg = Release|x64
		{7EE1FBCE-79CC-40E4-A121-03AB144E8631}.Ad-Hoc|x64.Build.0 = Release|x64
		{7EE1FBCE-79CC-40E4-A121-03AB144E8631}.Ad-Hoc|x64.Deploy.0 = Release|x64
		{7EE1FBCE-79CC-40E4-A121-03AB144E8631}.Ad-Hoc|x86.ActiveCfg = Release|x86
		{7EE1FBCE-79CC-40E4-A121-03AB144E8631}.Ad-Hoc|x86.Build.0 = Release|x86
		{7EE1FBCE-79CC-40E4-A121-03AB144E8631}.Ad-Hoc|x86.Deploy.0 = Release|x86
		{7EE1FBCE-79CC-40E4-A121-03AB144E8631}.AppStore|Any CPU.ActiveCfg = Release|x86
		{7EE1FBCE-79CC-40E4-A121-03AB144E8631}.AppStore|Any CPU.Build.0 = Release|x86
		{7EE1FBCE-79CC-40E4-A121-03AB144E8631}.AppStore|Any CPU.Deploy.0 = Release|x86
		{7EE1FBCE-79CC-40E4-A121-03AB144E8631}.AppStore|ARM.ActiveCfg = Release|ARM
		{7EE1FBCE-79CC-40E4-A121-03AB144E8631}.AppStore|ARM.Build.0 = Release|ARM
		{7EE1FBCE-79CC-40E4-A121-03AB144E8631}.AppStore|ARM.Deploy.0 = Release|ARM
		{7EE1FBCE-79CC-40E4-A121-03AB144E8631}.AppStore|iPhone.ActiveCfg = Release|x86
		{7EE1FBCE-79CC-40E4-A121-03AB144E8631}.AppStore|iPhone.Build.0 = Release|x86
		{7EE1FBCE-79CC-40E4-A121-03AB144E8631}.AppStore|iPhone.Deploy.0 = Release|x86
		{7EE1FBCE-79CC-40E4-A121-03AB144E8631}.AppStore|iPhoneSimulator.ActiveCfg = Release|x86
		{7EE1FBCE-79CC-40E4-A121-03AB144E8631}.AppStore|iPhoneSimulator.Build.0 = Release|x86
		{7EE1FBCE-79CC-40E4-A121-03AB144E8631}.AppStore|iPhoneSimulator.Deploy.0 = Release|x86
		{7EE1FBCE-79CC-40E4-A121-03AB144E8631}.AppStore|x64.ActiveCfg = Release|x64
		{7EE1FBCE-79CC-40E4-A121-03AB144E8631}.AppStore|x64.Build.0 = Release|x64
		{7EE1FBCE-79CC-40E4-A121-03AB144E8631}.AppStore|x64.Deploy.0 = Release|x64
		{7EE1FBCE-79CC-40E4-A121-03AB144E8631}.AppStore|x86.ActiveCfg = Release|x86
		{7EE1FBCE-79CC-40E4-A121-03AB144E8631}.AppStore|x86.Build.0 = Release|x86
		{7EE1FBCE-79CC-40E4-A121-03AB144E8631}.AppStore|x86.Deploy.0 = Release|x86
		{7EE1FBCE-79CC-40E4-A121-03AB144E8631}.Debug|Any CPU.ActiveCfg = Debug|x86
		{7EE1FBCE-79CC-40E4-A121-03AB144E8631}.Debug|ARM.ActiveCfg = Debug|ARM
		{7EE1FBCE-79CC-40E4-A121-03AB144E8631}.Debug|ARM.Build.0 = Debug|ARM
		{7EE1FBCE-79CC-40E4-A121-03AB144E8631}.Debug|ARM.Deploy.0 = Debug|ARM
		{7EE1FBCE-79CC-40E4-A121-03AB144E8631}.Debug|iPhone.ActiveCfg = Debug|x86
		{7EE1FBCE-79CC-40E4-A121-03AB144E8631}.Debug|iPhoneSimulator.ActiveCfg = Debug|x86
		{7EE1FBCE-79CC-40E4-A121-03AB144E8631}.Debug|x64.ActiveCfg = Debug|x64
		{7EE1FBCE-79CC-40E4-A121-03AB144E8631}.Debug|x64.Build.0 = Debug|x64
		{7EE1FBCE-79CC-40E4-A121-03AB144E8631}.Debug|x64.Deploy.0 = Debug|x64
		{7EE1FBCE-79CC-40E4-A121-03AB144E8631}.Debug|x86.ActiveCfg = Debug|x86
		{7EE1FBCE-79CC-40E4-A121-03AB144E8631}.Debug|x86.Build.0 = Debug|x86
		{7EE1FBCE-79CC-40E4-A121-03AB144E8631}.Debug|x86.Deploy.0 = Debug|x86
		{7EE1FBCE-79CC-40E4-A121-03AB144E8631}.Release|Any CPU.ActiveCfg = Release|x86
		{7EE1FBCE-79CC-40E4-A121-03AB144E8631}.Release|ARM.ActiveCfg = Release|ARM
		{7EE1FBCE-79CC-40E4-A121-03AB144E8631}.Release|ARM.Build.0 = Release|ARM
		{7EE1FBCE-79CC-40E4-A121-03AB144E8631}.Release|ARM.Deploy.0 = Release|ARM
		{7EE1FBCE-79CC-40E4-A121-03AB144E8631}.Release|iPhone.ActiveCfg = Release|x86
		{7EE1FBCE-79CC-40E4-A121-03AB144E8631}.Release|iPhoneSimulator.ActiveCfg = Release|x86
		{7EE1FBCE-79CC-40E4-A121-03AB144E8631}.Release|x64.ActiveCfg = Release|x64
		{7EE1FBCE-79CC-40E4-A121-03AB144E8631}.Release|x64.Build.0 = Release|x64
		{7EE1FBCE-79CC-40E4-A121-03AB144E8631}.Release|x64.Deploy.0 = Release|x64
		{7EE1FBCE-79CC-40E4-A121-03AB144E8631}.Release|x86.ActiveCfg = Release|x86
		{7EE1FBCE-79CC-40E4-A121-03AB144E8631}.Release|x86.Build.0 = Release|x86
		{7EE1FBCE-79CC-40E4-A121-03AB144E8631}.Release|x86.Deploy.0 = Release|x86
	EndGlobalSection
	GlobalSection(SolutionProperties) = preSolution
		HideSolutionNode = FALSE
	EndGlobalSection
	GlobalSection(ExtensibilityGlobals) = postSolution
		SolutionGuid = {18AE0ADE-852B-4F96-B1A7-657AD1717665}
	EndGlobalSection
EndGlobal
